# This file is autogenerated, do not edit; changes may be undone by the next 'dep ensure'.


[[projects]]
  branch = "v27"
  name = "gopkg.in/libgit2/git2go.v27"
  packages = ["."]
  revision = "b479bd14632fd5759d1335387548ce6e66a50f10"

[solve-meta]
  analyzer-name = "dep"
  analyzer-version = 1
  inputs-digest = "13ebccd52de4cb97e609f51a2774c8deb8c4accef3ce187dc72fbe6312cc5a0c"
  solver-name = "gps-cdcl"
  solver-version = 1
