# This file is autogenerated, do not edit; changes may be undone by the next 'dep ensure'.


[[projects]]
  branch = "v26"
  name = "gopkg.in/libgit2/git2go.v26"
  packages = ["."]
  revision = "e424134bb6a425a508cf037ed62218c6b21600ce"
  source = "https://github.com/mikolajb/git2go"

[solve-meta]
  analyzer-name = "dep"
  analyzer-version = 1
  inputs-digest = "d2cf5b65c9cb0a964ff27a90122e4d93fe0ef7ed5960793fd55f4e50c9679114"
  solver-name = "gps-cdcl"
  solver-version = 1
